// !$*UTF8*$!
{
	archiveVersion = 1;
	classes = {
	};
	objectVersion = 46;
	objects = {

/* Begin PBXBuildFile section */
		99F2E2821A035B36002734EE /* main.m in Sources */ = {isa = PBXBuildFile; fileRef = 99F2E2811A035B36002734EE /* main.m */; };
		99F2E28A1A035C2F002734EE /* Task.m in Sources */ = {isa = PBXBuildFile; fileRef = 99F2E2891A035C2F002734EE /* Task.m */; };
		99F2E2901A037DD7002734EE /* ThreadPoolManage.m in Sources */ = {isa = PBXBuildFile; fileRef = 99F2E28F1A037DD7002734EE /* ThreadPoolManage.m */; };
/* End PBXBuildFile section */

/* Begin PBXCopyFilesBuildPhase section */
		99F2E27C1A035B36002734EE /* CopyFiles */ = {
			isa = PBXCopyFilesBuildPhase;
			buildActionMask = 2147483647;
			dstPath = /usr/share/man/man1/;
			dstSubfolderSpec = 0;
			files = (
			);
			runOnlyForDeploymentPostprocessing = 1;
		};
/* End PBXCopyFilesBuildPhase section */

/* Begin PBXFileReference section */
		99F2E27E1A035B36002734EE /* MulitThread */ = {isa = PBXFileReference; explicitFileType = "compiled.mach-o.executable"; includeInIndex = 0; path = MulitThread; sourceTree = BUILT_PRODUCTS_DIR; };
		99F2E2811A035B36002734EE /* main.m */ = {isa = PBXFileReference; lastKnownFileType = sourcecode.c.objc; path = main.m; sourceTree = "<group>"; };
		99F2E2881A035C2F002734EE /* Task.h */ = {isa = PBXFileReference; fileEncoding = 4; lastKnownFileType = sourcecode.c.h; path = Task.h; sourceTree = "<group>"; };
		99F2E2891A035C2F002734EE /* Task.m */ = {isa = PBXFileReference; fileEncoding = 4; lastKnownFileType = sourcecode.c.objc; path = Task.m; sourceTree = "<group>"; };
		99F2E28E1A037DD7002734EE /* ThreadPoolManage.h */ = {isa = PBXFileReference; fileEncoding = 4; lastKnownFileType = sourcecode.c.h; path = ThreadPoolManage.h; sourceTree = "<group>"; };
		99F2E28F1A037DD7002734EE /* ThreadPoolManage.m */ = {isa = PBXFileReference; fileEncoding = 4; lastKnownFileType = sourcecode.c.objc; path = ThreadPoolManage.m; sourceTree = "<group>"; };
/* End PBXFileReference section */

/* Begin PBXFrameworksBuildPhase section */
		99F2E27B1A035B36002734EE /* Frameworks */ = {
			isa = PBXFrameworksBuildPhase;
			buildActionMask = 2147483647;
			files = (
			);
			runOnlyForDeploymentPostprocessing = 0;
		};
/* End PBXFrameworksBuildPhase section */

/* Begin PBXGroup section */
		99F2E2751A035B36002734EE = {
			isa = PBXGroup;
			children = (
				99F2E2801A035B36002734EE /* MulitThread */,
				99F2E27F1A035B36002734EE /* Products */,
			);
			sourceTree = "<group>";
		};
		99F2E27F1A035B36002734EE /* Products */ = {
			isa = PBXGroup;
			children = (
				99F2E27E1A035B36002734EE /* MulitThread */,
			);
			name = Products;
			sourceTree = "<group>";
		};
		99F2E2801A035B36002734EE /* MulitThread */ = {
			isa = PBXGroup;
			children = (
				99F2E2811A035B36002734EE /* main.m */,
				99F2E2881A035C2F002734EE /* Task.h */,
				99F2E2891A035C2F002734EE /* Task.m */,
				99F2E28E1A037DD7002734EE /* ThreadPoolManage.h */,
				99F2E28F1A037DD7002734EE /* ThreadPoolManage.m */,
			);
			path = MulitThread;
			sourceTree = "<group>";
		};
/* End PBXGroup section */

/* Begin PBXNativeTarget section */
		99F2E27D1A035B36002734EE /* MulitThread */ = {
			isa = PBXNativeTarget;
			buildConfigurationList = 99F2E2851A035B36002734EE /* Build configuration list for PBXNativeTarget "MulitThread" */;
			buildPhases = (
				99F2E27A1A035B36002734EE /* Sources */,
				99F2E27B1A035B36002734EE /* Frameworks */,
				99F2E27C1A035B36002734EE /* CopyFiles */,
			);
			buildRules = (
			);
			dependencies = (
			);
			name = MulitThread;
			productName = MulitThread;
			productReference = 99F2E27E1A035B36002734EE /* MulitThread */;
			productType = "com.apple.product-type.tool";
		};
/* End PBXNativeTarget section */

/* Begin PBXProject section */
		99F2E2761A035B36002734EE /* Project object */ = {
			isa = PBXProject;
			attributes = {
				LastUpgradeCheck = 0600;
				ORGANIZATIONNAME = Ltian;
				TargetAttributes = {
					99F2E27D1A035B36002734EE = {
						CreatedOnToolsVersion = 6.0.1;
					};
				};
			};
			buildConfigurationList = 99F2E2791A035B36002734EE /* Build configuration list for PBXProject "MulitThread" */;
			compatibilityVersion = "Xcode 3.2";
			developmentRegion = English;
			hasScannedForEncodings = 0;
			knownRegions = (
				en,
			);
			mainGroup = 99F2E2751A035B36002734EE;
			productRefGroup = 99F2E27F1A035B36002734EE /* Products */;
			projectDirPath = "";
			projectRoot = "";
			targets = (
				99F2E27D1A035B36002734EE /* MulitThread */,
			);
		};
/* End PBXProject section */

/* Begin PBXSourcesBuildPhase section */
		99F2E27A1A035B36002734EE /* Sources */ = {
			isa = PBXSourcesBuildPhase;
			buildActionMask = 2147483647;
			files = (
				99F2E28A1A035C2F002734EE /* Task.m in Sources */,
				99F2E2821A035B36002734EE /* main.m in Sources */,
				99F2E2901A037DD7002734EE /* ThreadPoolManage.m in Sources */,
			);
			runOnlyForDeploymentPostprocessing = 0;
		};
/* End PBXSourcesBuildPhase section */

/* Begin XCBuildConfiguration section */
		99F2E2831A035B36002734EE /* Debug */ = {
			isa = XCBuildConfiguration;
			buildSettings = {
				ALWAYS_SEARCH_USER_PATHS = NO;
				CLANG_CXX_LANGUAGE_STANDARD = "gnu++0x";
				CLANG_CXX_LIBRARY = "libc++";
				CLANG_ENABLE_MODULES = YES;
				CLANG_ENABLE_OBJC_ARC = YES;
				CLANG_WARN_BOOL_CONVERSION = YES;
				CLANG_WARN_CONSTANT_CONVERSION = YES;
				CLANG_WARN_DIRECT_OBJC_ISA_USAGE = YES_ERROR;
				CLANG_WARN_EMPTY_BODY = YES;
				CLANG_WARN_ENUM_CONVERSION = YES;
				CLANG_WARN_INT_CONVERSION = YES;
				CLANG_WARN_OBJC_ROOT_CLASS = YES_ERROR;
				CLANG_WARN_UNREACHABLE_CODE = YES;
				CLANG_WARN__DUPLICATE_METHOD_MATCH = YES;
				COPY_PHASE_STRIP = NO;
				ENABLE_STRICT_OBJC_MSGSEND = YES;
				GCC_C_LANGUAGE_STANDARD = gnu99;
				GCC_DYNAMIC_NO_PIC = NO;
				GCC_OPTIMIZATION_LEVEL = 0;
				GCC_PREPROCESSOR_DEFINITIONS = (
					"DEBUG=1",
					"$(inherited)",
				);
				GCC_SYMBOLS_PRIVATE_EXTERN = NO;
				GCC_WARN_64_TO_32_BIT_CONVERSION = YES;
				GCC_WARN_ABOUT_RETURN_TYPE = YES_ERROR;
				GCC_WARN_UNDECLARED_SELECTOR = YES;
				GCC_WARN_UNINITIALIZED_AUTOS = YES_AGGRESSIVE;
				GCC_WARN_UNUSED_FUNCTION = YES;
				GCC_WARN_UNUSED_VARIABLE = YES;
				MACOSX_DEPLOYMENT_TARGET = 10.10;
				MTL_ENABLE_DEBUG_INFO = YES;
				ONLY_ACTIVE_ARCH = YES;
				SDKROOT = macosx;
			};
			name = Debug;
		};
		99F2E2841A035B36002734EE /* Release */ = {
			isa = XCBuildConfiguration;
			buildSettings = {
				ALWAYS_SEARCH_USER_PATHS = NO;
				CLANG_CXX_LANGUAGE_STANDARD = "gnu++0x";
				CLANG_CXX_LIBRARY = "libc++";
				CLANG_ENABLE_MODULES = YES;
				CLANG_ENABLE_OBJC_ARC = YES;
				CLANG_WARN_BOOL_CONVERSION = YES;
				CLANG_WARN_CONSTANT_CONVERSION = YES;
				CLANG_WARN_DIRECT_OBJC_ISA_USAGE = YES_ERROR;
				CLANG_WARN_EMPTY_BODY = YES;
				CLANG_WARN_ENUM_CONVERSION = YES;
				CLANG_WARN_INT_CONVERSION = YES;
				CLANG_WARN_OBJC_ROOT_CLASS = YES_ERROR;
				CLANG_WARN_UNREACHABLE_CODE = YES;
				CLANG_WARN__DUPLICATE_METHOD_MATCH = YES;
				COPY_PHASE_STRIP = YES;
				DEBUG_INFORMATION_FORMAT = "dwarf-with-dsym";
				ENABLE_NS_ASSERTIONS = NO;
				ENABLE_STRICT_OBJC_MSGSEND = YES;
				GCC_C_LANGUAGE_STANDARD = gnu99;
				GCC_WARN_64_TO_32_BIT_CONVERSION = YES;
				GCC_WARN_ABOUT_RETURN_TYPE = YES_ERROR;
				GCC_WARN_UNDECLARED_SELECTOR = YES;
				GCC_WARN_UNINITIALIZED_AUTOS = YES_AGGRESSIVE;
				GCC_WARN_UNUSED_FUNCTION = YES;
				GCC_WARN_UNUSED_VARIABLE = YES;
				MACOSX_DEPLOYMENT_TARGET = 10.10;
				MTL_ENABLE_DEBUG_INFO = NO;
				SDKROOT = macosx;
			};
			name = Release;
		};
		99F2E2861A035B36002734EE /* Debug */ = {
			isa = XCBuildConfiguration;
			buildSettings = {
				CLANG_ENABLE_OBJC_ARC = NO;
				PRODUCT_NAME = "$(TARGET_NAME)";
			};
			name = Debug;
		};
		99F2E2871A035B36002734EE /* Release */ = {
			isa = XCBuildConfiguration;
			buildSettings = {
				CLANG_ENABLE_OBJC_ARC = NO;
				PRODUCT_NAME = "$(TARGET_NAME)";
			};
			name = Release;
		};
/* End XCBuildConfiguration section */

/* Begin XCConfigurationList section */
		99F2E2791A035B36002734EE /* Build configuration list for PBXProject "MulitThread" */ = {
			isa = XCConfigurationList;
			buildConfigurations = (
				99F2E2831A035B36002734EE /* Debug */,
				99F2E2841A035B36002734EE /* Release */,
			);
			defaultConfigurationIsVisible = 0;
			defaultConfigurationName = Release;
		};
		99F2E2851A035B36002734EE /* Build configuration list for PBXNativeTarget "MulitThread" */ = {
			isa = XCConfigurationList;
			buildConfigurations = (
				99F2E2861A035B36002734EE /* Debug */,
				99F2E2871A035B36002734EE /* Release */,
			);
			defaultConfigurationIsVisible = 0;
		};
/* End XCConfigurationList section */
	};
	rootObject = 99F2E2761A035B36002734EE /* Project object */;
}
